// !$*UTF8*$!
{
	archiveVersion = 1;
	classes = {
	};
	objectVersion = 46;
	objects = {

/* Begin PBXBuildFile section */
		FA00BF8D1AD0FA110051DA66 /* ASGameSelectionTableViewController.m in Sources */ = {isa = PBXBuildFile; fileRef = FA00BF8C1AD0FA110051DA66 /* ASGameSelectionTableViewController.m */; };
		FA00BF901AD0FE5D0051DA66 /* ASHighScoresTableViewController.m in Sources */ = {isa = PBXBuildFile; fileRef = FA00BF8F1AD0FE5D0051DA66 /* ASHighScoresTableViewController.m */; };
		FA00BF941AD1044C0051DA66 /* ASGame.m in Sources */ = {isa = PBXBuildFile; fileRef = FA00BF931AD1044C0051DA66 /* ASGame.m */; };
		FA00BF9B1AD107210051DA66 /* ASGameDatabase.m in Sources */ = {isa = PBXBuildFile; fileRef = FA00BF9A1AD107210051DA66 /* ASGameDatabase.m */; };
		FA00BFAE1AD13DF30051DA66 /* ASGameCell.m in Sources */ = {isa = PBXBuildFile; fileRef = FA00BFAC1AD13DF30051DA66 /* ASGameCell.m */; };
		FA00BFAF1AD13DF30051DA66 /* ASGameCell.xib in Resources */ = {isa = PBXBuildFile; fileRef = FA00BFAD1AD13DF30051DA66 /* ASGameCell.xib */; };
		FA10141C1AD0D2AC006A7100 /* Foundation.framework in Frameworks */ = {isa = PBXBuildFile; fileRef = FA10141B1AD0D2AC006A7100 /* Foundation.framework */; };
		FA10141E1AD0D2AC006A7100 /* CoreGraphics.framework in Frameworks */ = {isa = PBXBuildFile; fileRef = FA10141D1AD0D2AC006A7100 /* CoreGraphics.framework */; };
		FA1014201AD0D2AD006A7100 /* UIKit.framework in Frameworks */ = {isa = PBXBuildFile; fileRef = FA10141F1AD0D2AC006A7100 /* UIKit.framework */; };
		FA1014261AD0D2AD006A7100 /* InfoPlist.strings in Resources */ = {isa = PBXBuildFile; fileRef = FA1014241AD0D2AD006A7100 /* InfoPlist.strings */; };
		FA1014281AD0D2AD006A7100 /* main.m in Sources */ = {isa = PBXBuildFile; fileRef = FA1014271AD0D2AD006A7100 /* main.m */; };
		FA10142C1AD0D2AD006A7100 /* ASAppDelegate.m in Sources */ = {isa = PBXBuildFile; fileRef = FA10142B1AD0D2AD006A7100 /* ASAppDelegate.m */; };
		FA10142E1AD0D2AD006A7100 /* Images.xcassets in Resources */ = {isa = PBXBuildFile; fileRef = FA10142D1AD0D2AD006A7100 /* Images.xcassets */; };
		FA1014351AD0D2AD006A7100 /* XCTest.framework in Frameworks */ = {isa = PBXBuildFile; fileRef = FA1014341AD0D2AD006A7100 /* XCTest.framework */; };
		FA1014361AD0D2AD006A7100 /* Foundation.framework in Frameworks */ = {isa = PBXBuildFile; fileRef = FA10141B1AD0D2AC006A7100 /* Foundation.framework */; };
		FA1014371AD0D2AD006A7100 /* UIKit.framework in Frameworks */ = {isa = PBXBuildFile; fileRef = FA10141F1AD0D2AC006A7100 /* UIKit.framework */; };
		FA10143F1AD0D2AD006A7100 /* InfoPlist.strings in Resources */ = {isa = PBXBuildFile; fileRef = FA10143D1AD0D2AD006A7100 /* InfoPlist.strings */; };
		FA1014411AD0D2AD006A7100 /* GameHouseTests.m in Sources */ = {isa = PBXBuildFile; fileRef = FA1014401AD0D2AD006A7100 /* GameHouseTests.m */; };
		FA10144D1AD0E429006A7100 /* ASHomeScreenViewController.m in Sources */ = {isa = PBXBuildFile; fileRef = FA10144B1AD0E429006A7100 /* ASHomeScreenViewController.m */; };
		FA10144E1AD0E429006A7100 /* ASHomeScreenViewController.xib in Resources */ = {isa = PBXBuildFile; fileRef = FA10144C1AD0E429006A7100 /* ASHomeScreenViewController.xib */; };
		FA966C2D1B115323004C28C0 /* ASSPGCVC.m in Sources */ = {isa = PBXBuildFile; fileRef = FA966C2B1B115323004C28C0 /* ASSPGCVC.m */; };
		FA966C2E1B115323004C28C0 /* ASSPGCVC.xib in Resources */ = {isa = PBXBuildFile; fileRef = FA966C2C1B115323004C28C0 /* ASSPGCVC.xib */; };
		FA966C351B1158C5004C28C0 /* ASGameBoardViewSupporter.m in Sources */ = {isa = PBXBuildFile; fileRef = FA966C341B1158C5004C28C0 /* ASGameBoardViewSupporter.m */; };
		FA966C391B115A70004C28C0 /* ASSlidingPuzzleGameViewController.m in Sources */ = {isa = PBXBuildFile; fileRef = FA966C371B115A70004C28C0 /* ASSlidingPuzzleGameViewController.m */; };
		FA966C3A1B115A70004C28C0 /* ASSlidingPuzzleGameViewController.xib in Resources */ = {isa = PBXBuildFile; fileRef = FA966C381B115A70004C28C0 /* ASSlidingPuzzleGameViewController.xib */; };
		FA966C481B11B0AB004C28C0 /* ASSlidingTileView.m in Sources */ = {isa = PBXBuildFile; fileRef = FA966C461B11B0AB004C28C0 /* ASSlidingTileView.m */; };
		FA966C4D1B133705004C28C0 /* ASSlidingPuzzleSettingsVC.m in Sources */ = {isa = PBXBuildFile; fileRef = FA966C4B1B133705004C28C0 /* ASSlidingPuzzleSettingsVC.m */; };
		FA966C4E1B133705004C28C0 /* ASSlidingPuzzleSettingsVC.xib in Resources */ = {isa = PBXBuildFile; fileRef = FA966C4C1B133705004C28C0 /* ASSlidingPuzzleSettingsVC.xib */; };
		FAA79E191B0A058900AA95C9 /* ASSlidingPuzzleGameCVC.m in Sources */ = {isa = PBXBuildFile; fileRef = FAA79E171B0A058900AA95C9 /* ASSlidingPuzzleGameCVC.m */; };
		FAA79E1A1B0A058900AA95C9 /* ASSlidingPuzzleGameCVC.xib in Resources */ = {isa = PBXBuildFile; fileRef = FAA79E181B0A058900AA95C9 /* ASSlidingPuzzleGameCVC.xib */; };
		FAA79E1D1B0A060E00AA95C9 /* ASGameBoard.m in Sources */ = {isa = PBXBuildFile; fileRef = FAA79E1C1B0A060E00AA95C9 /* ASGameBoard.m */; };
		FAA79E201B0A0E8000AA95C9 /* ASSlidingPuzzleGame.m in Sources */ = {isa = PBXBuildFile; fileRef = FAA79E1F1B0A0E8000AA95C9 /* ASSlidingPuzzleGame.m */; };
/* End PBXBuildFile section */

/* Begin PBXContainerItemProxy section */
		FA1014381AD0D2AD006A7100 /* PBXContainerItemProxy */ = {
			isa = PBXContainerItemProxy;
			containerPortal = FA1014101AD0D2AC006A7100 /* Project object */;
			proxyType = 1;
			remoteGlobalIDString = FA1014171AD0D2AC006A7100;
			remoteInfo = GameHouse;
		};
/* End PBXContainerItemProxy section */

/* Begin PBXFileReference section */
		FA00BF8B1AD0FA110051DA66 /* ASGameSelectionTableViewController.h */ = {isa = PBXFileReference; fileEncoding = 4; lastKnownFileType = sourcecode.c.h; path = ASGameSelectionTableViewController.h; sourceTree = "<group>"; };
		FA00BF8C1AD0FA110051DA66 /* ASGameSelectionTableViewController.m */ = {isa = PBXFileReference; fileEncoding = 4; lastKnownFileType = sourcecode.c.objc; path = ASGameSelectionTableViewController.m; sourceTree = "<group>"; };
		FA00BF8E1AD0FE5D0051DA66 /* ASHighScoresTableViewController.h */ = {isa = PBXFileReference; fileEncoding = 4; lastKnownFileType = sourcecode.c.h; path = ASHighScoresTableViewController.h; sourceTree = "<group>"; };
		FA00BF8F1AD0FE5D0051DA66 /* ASHighScoresTableViewController.m */ = {isa = PBXFileReference; fileEncoding = 4; lastKnownFileType = sourcecode.c.objc; path = ASHighScoresTableViewController.m; sourceTree = "<group>"; };
		FA00BF921AD1044C0051DA66 /* ASGame.h */ = {isa = PBXFileReference; fileEncoding = 4; lastKnownFileType = sourcecode.c.h; name = ASGame.h; path = Model/ASGame.h; sourceTree = "<group>"; };
		FA00BF931AD1044C0051DA66 /* ASGame.m */ = {isa = PBXFileReference; fileEncoding = 4; lastKnownFileType = sourcecode.c.objc; name = ASGame.m; path = Model/ASGame.m; sourceTree = "<group>"; };
		FA00BF991AD107210051DA66 /* ASGameDatabase.h */ = {isa = PBXFileReference; fileEncoding = 4; lastKnownFileType = sourcecode.c.h; name = ASGameDatabase.h; path = Model/ASGameDatabase.h; sourceTree = "<group>"; };
		FA00BF9A1AD107210051DA66 /* ASGameDatabase.m */ = {isa = PBXFileReference; fileEncoding = 4; lastKnownFileType = sourcecode.c.objc; name = ASGameDatabase.m; path = Model/ASGameDatabase.m; sourceTree = "<group>"; };
		FA00BFAB1AD13DF30051DA66 /* ASGameCell.h */ = {isa = PBXFileReference; fileEncoding = 4; lastKnownFileType = sourcecode.c.h; path = ASGameCell.h; sourceTree = "<group>"; };
		FA00BFAC1AD13DF30051DA66 /* ASGameCell.m */ = {isa = PBXFileReference; fileEncoding = 4; lastKnownFileType = sourcecode.c.objc; path = ASGameCell.m; sourceTree = "<group>"; };
		FA00BFAD1AD13DF30051DA66 /* ASGameCell.xib */ = {isa = PBXFileReference; fileEncoding = 4; lastKnownFileType = file.xib; path = ASGameCell.xib; sourceTree = "<group>"; };
		FA1014181AD0D2AC006A7100 /* GameHouse.app */ = {isa = PBXFileReference; explicitFileType = wrapper.application; includeInIndex = 0; path = GameHouse.app; sourceTree = BUILT_PRODUCTS_DIR; };
		FA10141B1AD0D2AC006A7100 /* Foundation.framework */ = {isa = PBXFileReference; lastKnownFileType = wrapper.framework; name = Foundation.framework; path = System/Library/Frameworks/Foundation.framework; sourceTree = SDKROOT; };
		FA10141D1AD0D2AC006A7100 /* CoreGraphics.framework */ = {isa = PBXFileReference; lastKnownFileType = wrapper.framework; name = CoreGraphics.framework; path = System/Library/Frameworks/CoreGraphics.framework; sourceTree = SDKROOT; };
		FA10141F1AD0D2AC006A7100 /* UIKit.framework */ = {isa = PBXFileReference; lastKnownFileType = wrapper.framework; name = UIKit.framework; path = System/Library/Frameworks/UIKit.framework; sourceTree = SDKROOT; };
		FA1014231AD0D2AD006A7100 /* GameHouse-Info.plist */ = {isa = PBXFileReference; lastKnownFileType = text.plist.xml; path = "GameHouse-Info.plist"; sourceTree = "<group>"; };
		FA1014251AD0D2AD006A7100 /* en */ = {isa = PBXFileReference; lastKnownFileType = text.plist.strings; name = en; path = en.lproj/InfoPlist.strings; sourceTree = "<group>"; };
		FA1014271AD0D2AD006A7100 /* main.m */ = {isa = PBXFileReference; lastKnownFileType = sourcecode.c.objc; path = main.m; sourceTree = "<group>"; };
		FA1014291AD0D2AD006A7100 /* GameHouse-Prefix.pch */ = {isa = PBXFileReference; lastKnownFileType = sourcecode.c.h; path = "GameHouse-Prefix.pch"; sourceTree = "<group>"; };
		FA10142A1AD0D2AD006A7100 /* ASAppDelegate.h */ = {isa = PBXFileReference; lastKnownFileType = sourcecode.c.h; path = ASAppDelegate.h; sourceTree = "<group>"; };
		FA10142B1AD0D2AD006A7100 /* ASAppDelegate.m */ = {isa = PBXFileReference; lastKnownFileType = sourcecode.c.objc; path = ASAppDelegate.m; sourceTree = "<group>"; };
		FA10142D1AD0D2AD006A7100 /* Images.xcassets */ = {isa = PBXFileReference; lastKnownFileType = folder.assetcatalog; path = Images.xcassets; sourceTree = "<group>"; };
		FA1014331AD0D2AD006A7100 /* GameHouseTests.xctest */ = {isa = PBXFileReference; explicitFileType = wrapper.cfbundle; includeInIndex = 0; path = GameHouseTests.xctest; sourceTree = BUILT_PRODUCTS_DIR; };
		FA1014341AD0D2AD006A7100 /* XCTest.framework */ = {isa = PBXFileReference; lastKnownFileType = wrapper.framework; name = XCTest.framework; path = Library/Frameworks/XCTest.framework; sourceTree = DEVELOPER_DIR; };
		FA10143C1AD0D2AD006A7100 /* GameHouseTests-Info.plist */ = {isa = PBXFileReference; lastKnownFileType = text.plist.xml; path = "GameHouseTests-Info.plist"; sourceTree = "<group>"; };
		FA10143E1AD0D2AD006A7100 /* en */ = {isa = PBXFileReference; lastKnownFileType = text.plist.strings; name = en; path = en.lproj/InfoPlist.strings; sourceTree = "<group>"; };
		FA1014401AD0D2AD006A7100 /* GameHouseTests.m */ = {isa = PBXFileReference; lastKnownFileType = sourcecode.c.objc; path = GameHouseTests.m; sourceTree = "<group>"; };
		FA10144A1AD0E429006A7100 /* ASHomeScreenViewController.h */ = {isa = PBXFileReference; fileEncoding = 4; lastKnownFileType = sourcecode.c.h; path = ASHomeScreenViewController.h; sourceTree = "<group>"; };
		FA10144B1AD0E429006A7100 /* ASHomeScreenViewController.m */ = {isa = PBXFileReference; fileEncoding = 4; lastKnownFileType = sourcecode.c.objc; path = ASHomeScreenViewController.m; sourceTree = "<group>"; };
		FA10144C1AD0E429006A7100 /* ASHomeScreenViewController.xib */ = {isa = PBXFileReference; fileEncoding = 4; lastKnownFileType = file.xib; path = ASHomeScreenViewController.xib; sourceTree = "<group>"; };
		FA966C2A1B115323004C28C0 /* ASSPGCVC.h */ = {isa = PBXFileReference; fileEncoding = 4; lastKnownFileType = sourcecode.c.h; path = ASSPGCVC.h; sourceTree = "<group>"; };
		FA966C2B1B115323004C28C0 /* ASSPGCVC.m */ = {isa = PBXFileReference; fileEncoding = 4; lastKnownFileType = sourcecode.c.objc; path = ASSPGCVC.m; sourceTree = "<group>"; };
		FA966C2C1B115323004C28C0 /* ASSPGCVC.xib */ = {isa = PBXFileReference; fileEncoding = 4; lastKnownFileType = file.xib; path = ASSPGCVC.xib; sourceTree = "<group>"; };
		FA966C331B1158C5004C28C0 /* ASGameBoardViewSupporter.h */ = {isa = PBXFileReference; fileEncoding = 4; lastKnownFileType = sourcecode.c.h; path = ASGameBoardViewSupporter.h; sourceTree = "<group>"; };
		FA966C341B1158C5004C28C0 /* ASGameBoardViewSupporter.m */ = {isa = PBXFileReference; fileEncoding = 4; lastKnownFileType = sourcecode.c.objc; path = ASGameBoardViewSupporter.m; sourceTree = "<group>"; };
		FA966C361B115A70004C28C0 /* ASSlidingPuzzleGameViewController.h */ = {isa = PBXFileReference; fileEncoding = 4; lastKnownFileType = sourcecode.c.h; path = ASSlidingPuzzleGameViewController.h; sourceTree = "<group>"; };
		FA966C371B115A70004C28C0 /* ASSlidingPuzzleGameViewController.m */ = {isa = PBXFileReference; fileEncoding = 4; lastKnownFileType = sourcecode.c.objc; path = ASSlidingPuzzleGameViewController.m; sourceTree = "<group>"; };
		FA966C381B115A70004C28C0 /* ASSlidingPuzzleGameViewController.xib */ = {isa = PBXFileReference; fileEncoding = 4; lastKnownFileType = file.xib; path = ASSlidingPuzzleGameViewController.xib; sourceTree = "<group>"; };
		FA966C451B11B0AB004C28C0 /* ASSlidingTileView.h */ = {isa = PBXFileReference; fileEncoding = 4; lastKnownFileType = sourcecode.c.h; path = ASSlidingTileView.h; sourceTree = "<group>"; };
		FA966C461B11B0AB004C28C0 /* ASSlidingTileView.m */ = {isa = PBXFileReference; fileEncoding = 4; lastKnownFileType = sourcecode.c.objc; path = ASSlidingTileView.m; sourceTree = "<group>"; };
		FA966C4A1B133705004C28C0 /* ASSlidingPuzzleSettingsVC.h */ = {isa = PBXFileReference; fileEncoding = 4; lastKnownFileType = sourcecode.c.h; path = ASSlidingPuzzleSettingsVC.h; sourceTree = "<group>"; };
		FA966C4B1B133705004C28C0 /* ASSlidingPuzzleSettingsVC.m */ = {isa = PBXFileReference; fileEncoding = 4; lastKnownFileType = sourcecode.c.objc; path = ASSlidingPuzzleSettingsVC.m; sourceTree = "<group>"; };
		FA966C4C1B133705004C28C0 /* ASSlidingPuzzleSettingsVC.xib */ = {isa = PBXFileReference; fileEncoding = 4; lastKnownFileType = file.xib; path = ASSlidingPuzzleSettingsVC.xib; sourceTree = "<group>"; };
		FAA79E161B0A058900AA95C9 /* ASSlidingPuzzleGameCVC.h */ = {isa = PBXFileReference; fileEncoding = 4; lastKnownFileType = sourcecode.c.h; path = ASSlidingPuzzleGameCVC.h; sourceTree = "<group>"; };
		FAA79E171B0A058900AA95C9 /* ASSlidingPuzzleGameCVC.m */ = {isa = PBXFileReference; fileEncoding = 4; lastKnownFileType = sourcecode.c.objc; path = ASSlidingPuzzleGameCVC.m; sourceTree = "<group>"; };
		FAA79E181B0A058900AA95C9 /* ASSlidingPuzzleGameCVC.xib */ = {isa = PBXFileReference; fileEncoding = 4; lastKnownFileType = file.xib; path = ASSlidingPuzzleGameCVC.xib; sourceTree = "<group>"; };
		FAA79E1B1B0A060E00AA95C9 /* ASGameBoard.h */ = {isa = PBXFileReference; fileEncoding = 4; lastKnownFileType = sourcecode.c.h; path = ASGameBoard.h; sourceTree = "<group>"; };
		FAA79E1C1B0A060E00AA95C9 /* ASGameBoard.m */ = {isa = PBXFileReference; fileEncoding = 4; lastKnownFileType = sourcecode.c.objc; path = ASGameBoard.m; sourceTree = "<group>"; };
		FAA79E1E1B0A0E8000AA95C9 /* ASSlidingPuzzleGame.h */ = {isa = PBXFileReference; fileEncoding = 4; lastKnownFileType = sourcecode.c.h; path = ASSlidingPuzzleGame.h; sourceTree = "<group>"; };
		FAA79E1F1B0A0E8000AA95C9 /* ASSlidingPuzzleGame.m */ = {isa = PBXFileReference; fileEncoding = 4; lastKnownFileType = sourcecode.c.objc; path = ASSlidingPuzzleGame.m; sourceTree = "<group>"; };
		FAEA382B1B1885B60086C619 /* Enums.h */ = {isa = PBXFileReference; lastKnownFileType = sourcecode.c.h; path = Enums.h; sourceTree = "<group>"; };
/* End PBXFileReference section */

/* Begin PBXFrameworksBuildPhase section */
		FA1014151AD0D2AC006A7100 /* Frameworks */ = {
			isa = PBXFrameworksBuildPhase;
			buildActionMask = 2147483647;
			files = (
				FA10141E1AD0D2AC006A7100 /* CoreGraphics.framework in Frameworks */,
				FA1014201AD0D2AD006A7100 /* UIKit.framework in Frameworks */,
				FA10141C1AD0D2AC006A7100 /* Foundation.framework in Frameworks */,
			);
			runOnlyForDeploymentPostprocessing = 0;
		};
		FA1014301AD0D2AD006A7100 /* Frameworks */ = {
			isa = PBXFrameworksBuildPhase;
			buildActionMask = 2147483647;
			files = (
				FA1014351AD0D2AD006A7100 /* XCTest.framework in Frameworks */,
				FA1014371AD0D2AD006A7100 /* UIKit.framework in Frameworks */,
				FA1014361AD0D2AD006A7100 /* Foundation.framework in Frameworks */,
			);
			runOnlyForDeploymentPostprocessing = 0;
		};
/* End PBXFrameworksBuildPhase section */

/* Begin PBXGroup section */
		FA00BF951AD104510051DA66 /* Model */ = {
			isa = PBXGroup;
			children = (
				FA00BF991AD107210051DA66 /* ASGameDatabase.h */,
				FA00BF9A1AD107210051DA66 /* ASGameDatabase.m */,
				FA00BF921AD1044C0051DA66 /* ASGame.h */,
				FA00BF931AD1044C0051DA66 /* ASGame.m */,
				FAA79E1E1B0A0E8000AA95C9 /* ASSlidingPuzzleGame.h */,
				FAA79E1F1B0A0E8000AA95C9 /* ASSlidingPuzzleGame.m */,
				FAA79E1B1B0A060E00AA95C9 /* ASGameBoard.h */,
				FAA79E1C1B0A060E00AA95C9 /* ASGameBoard.m */,
			);
			name = Model;
			sourceTree = "<group>";
		};
		FA10140F1AD0D2AC006A7100 = {
			isa = PBXGroup;
			children = (
				FA1014211AD0D2AD006A7100 /* GameHouse */,
				FA10143A1AD0D2AD006A7100 /* GameHouseTests */,
				FA10141A1AD0D2AC006A7100 /* Frameworks */,
				FA1014191AD0D2AC006A7100 /* Products */,
			);
			sourceTree = "<group>";
		};
		FA1014191AD0D2AC006A7100 /* Products */ = {
			isa = PBXGroup;
			children = (
				FA1014181AD0D2AC006A7100 /* GameHouse.app */,
				FA1014331AD0D2AD006A7100 /* GameHouseTests.xctest */,
			);
			name = Products;
			sourceTree = "<group>";
		};
		FA10141A1AD0D2AC006A7100 /* Frameworks */ = {
			isa = PBXGroup;
			children = (
				FA10141B1AD0D2AC006A7100 /* Foundation.framework */,
				FA10141D1AD0D2AC006A7100 /* CoreGraphics.framework */,
				FA10141F1AD0D2AC006A7100 /* UIKit.framework */,
				FA1014341AD0D2AD006A7100 /* XCTest.framework */,
			);
			name = Frameworks;
			sourceTree = "<group>";
		};
		FA1014211AD0D2AD006A7100 /* GameHouse */ = {
			isa = PBXGroup;
			children = (
				FA10142A1AD0D2AD006A7100 /* ASAppDelegate.h */,
				FA10142B1AD0D2AD006A7100 /* ASAppDelegate.m */,
				FA10144A1AD0E429006A7100 /* ASHomeScreenViewController.h */,
				FA10144B1AD0E429006A7100 /* ASHomeScreenViewController.m */,
				FA10144C1AD0E429006A7100 /* ASHomeScreenViewController.xib */,
				FA966C3C1B115A86004C28C0 /* Game Selection Screen */,
				FA966C3B1B115A74004C28C0 /* Sliding Puzzle Game */,
				FA00BF8E1AD0FE5D0051DA66 /* ASHighScoresTableViewController.h */,
				FA00BF8F1AD0FE5D0051DA66 /* ASHighScoresTableViewController.m */,
				FA966C331B1158C5004C28C0 /* ASGameBoardViewSupporter.h */,
				FA966C341B1158C5004C28C0 /* ASGameBoardViewSupporter.m */,
				FA966C2F1B115852004C28C0 /* CVC Test */,
				FA00BF951AD104510051DA66 /* Model */,
				FA10142D1AD0D2AD006A7100 /* Images.xcassets */,
				FA1014221AD0D2AD006A7100 /* Supporting Files */,
			);
			path = GameHouse;
			sourceTree = "<group>";
		};
		FA1014221AD0D2AD006A7100 /* Supporting Files */ = {
			isa = PBXGroup;
			children = (
				FA1014231AD0D2AD006A7100 /* GameHouse-Info.plist */,
				FA1014241AD0D2AD006A7100 /* InfoPlist.strings */,
				FA1014271AD0D2AD006A7100 /* main.m */,
				FA1014291AD0D2AD006A7100 /* GameHouse-Prefix.pch */,
			);
			name = "Supporting Files";
			sourceTree = "<group>";
		};
		FA10143A1AD0D2AD006A7100 /* GameHouseTests */ = {
			isa = PBXGroup;
			children = (
				FA1014401AD0D2AD006A7100 /* GameHouseTests.m */,
				FA10143B1AD0D2AD006A7100 /* Supporting Files */,
			);
			path = GameHouseTests;
			sourceTree = "<group>";
		};
		FA10143B1AD0D2AD006A7100 /* Supporting Files */ = {
			isa = PBXGroup;
			children = (
				FA10143C1AD0D2AD006A7100 /* GameHouseTests-Info.plist */,
				FA10143D1AD0D2AD006A7100 /* InfoPlist.strings */,
			);
			name = "Supporting Files";
			sourceTree = "<group>";
		};
		FA966C2F1B115852004C28C0 /* CVC Test */ = {
			isa = PBXGroup;
			children = (
				FAA79E161B0A058900AA95C9 /* ASSlidingPuzzleGameCVC.h */,
				FAA79E171B0A058900AA95C9 /* ASSlidingPuzzleGameCVC.m */,
				FAA79E181B0A058900AA95C9 /* ASSlidingPuzzleGameCVC.xib */,
				FA966C2A1B115323004C28C0 /* ASSPGCVC.h */,
				FA966C2B1B115323004C28C0 /* ASSPGCVC.m */,
				FA966C2C1B115323004C28C0 /* ASSPGCVC.xib */,
			);
			name = "CVC Test";
			sourceTree = "<group>";
		};
		FA966C3B1B115A74004C28C0 /* Sliding Puzzle Game */ = {
			isa = PBXGroup;
			children = (
				FAEA382B1B1885B60086C619 /* Enums.h */,
				FA966C361B115A70004C28C0 /* ASSlidingPuzzleGameViewController.h */,
				FA966C371B115A70004C28C0 /* ASSlidingPuzzleGameViewController.m */,
				FA966C381B115A70004C28C0 /* ASSlidingPuzzleGameViewController.xib */,
				FA966C4A1B133705004C28C0 /* ASSlidingPuzzleSettingsVC.h */,
				FA966C4B1B133705004C28C0 /* ASSlidingPuzzleSettingsVC.m */,
				FA966C4C1B133705004C28C0 /* ASSlidingPuzzleSettingsVC.xib */,
				FA966C451B11B0AB004C28C0 /* ASSlidingTileView.h */,
				FA966C461B11B0AB004C28C0 /* ASSlidingTileView.m */,
			);
			name = "Sliding Puzzle Game";
			sourceTree = "<group>";
		};
		FA966C3C1B115A86004C28C0 /* Game Selection Screen */ = {
			isa = PBXGroup;
			children = (
				FA00BF8B1AD0FA110051DA66 /* ASGameSelectionTableViewController.h */,
				FA00BF8C1AD0FA110051DA66 /* ASGameSelectionTableViewController.m */,
				FA00BFAB1AD13DF30051DA66 /* ASGameCell.h */,
				FA00BFAC1AD13DF30051DA66 /* ASGameCell.m */,
				FA00BFAD1AD13DF30051DA66 /* ASGameCell.xib */,
			);
			name = "Game Selection Screen";
			sourceTree = "<group>";
		};
/* End PBXGroup section */

/* Begin PBXNativeTarget section */
		FA1014171AD0D2AC006A7100 /* GameHouse */ = {
			isa = PBXNativeTarget;
			buildConfigurationList = FA1014441AD0D2AD006A7100 /* Build configuration list for PBXNativeTarget "GameHouse" */;
			buildPhases = (
				FA1014141AD0D2AC006A7100 /* Sources */,
				FA1014151AD0D2AC006A7100 /* Frameworks */,
				FA1014161AD0D2AC006A7100 /* Resources */,
			);
			buildRules = (
			);
			dependencies = (
			);
			name = GameHouse;
			productName = GameHouse;
			productReference = FA1014181AD0D2AC006A7100 /* GameHouse.app */;
			productType = "com.apple.product-type.application";
		};
		FA1014321AD0D2AD006A7100 /* GameHouseTests */ = {
			isa = PBXNativeTarget;
			buildConfigurationList = FA1014471AD0D2AD006A7100 /* Build configuration list for PBXNativeTarget "GameHouseTests" */;
			buildPhases = (
				FA10142F1AD0D2AD006A7100 /* Sources */,
				FA1014301AD0D2AD006A7100 /* Frameworks */,
				FA1014311AD0D2AD006A7100 /* Resources */,
			);
			buildRules = (
			);
			dependencies = (
				FA1014391AD0D2AD006A7100 /* PBXTargetDependency */,
			);
			name = GameHouseTests;
			productName = GameHouseTests;
			productReference = FA1014331AD0D2AD006A7100 /* GameHouseTests.xctest */;
			productType = "com.apple.product-type.bundle.unit-test";
		};
/* End PBXNativeTarget section */

/* Begin PBXProject section */
		FA1014101AD0D2AC006A7100 /* Project object */ = {
			isa = PBXProject;
			attributes = {
				CLASSPREFIX = AS;
				LastUpgradeCheck = 0510;
				ORGANIZATIONNAME = "Alex Smith";
				TargetAttributes = {
					FA1014321AD0D2AD006A7100 = {
						TestTargetID = FA1014171AD0D2AC006A7100;
					};
				};
			};
			buildConfigurationList = FA1014131AD0D2AC006A7100 /* Build configuration list for PBXProject "GameHouse" */;
			compatibilityVersion = "Xcode 3.2";
			developmentRegion = English;
			hasScannedForEncodings = 0;
			knownRegions = (
				en,
			);
			mainGroup = FA10140F1AD0D2AC006A7100;
			productRefGroup = FA1014191AD0D2AC006A7100 /* Products */;
			projectDirPath = "";
			projectRoot = "";
			targets = (
				FA1014171AD0D2AC006A7100 /* GameHouse */,
				FA1014321AD0D2AD006A7100 /* GameHouseTests */,
			);
		};
/* End PBXProject section */

/* Begin PBXResourcesBuildPhase section */
		FA1014161AD0D2AC006A7100 /* Resources */ = {
			isa = PBXResourcesBuildPhase;
			buildActionMask = 2147483647;
			files = (
				FA966C4E1B133705004C28C0 /* ASSlidingPuzzleSettingsVC.xib in Resources */,
				FA10144E1AD0E429006A7100 /* ASHomeScreenViewController.xib in Resources */,
				FA966C2E1B115323004C28C0 /* ASSPGCVC.xib in Resources */,
				FA00BFAF1AD13DF30051DA66 /* ASGameCell.xib in Resources */,
				FA966C3A1B115A70004C28C0 /* ASSlidingPuzzleGameViewController.xib in Resources */,
				FAA79E1A1B0A058900AA95C9 /* ASSlidingPuzzleGameCVC.xib in Resources */,
				FA1014261AD0D2AD006A7100 /* InfoPlist.strings in Resources */,
				FA10142E1AD0D2AD006A7100 /* Images.xcassets in Resources */,
			);
			runOnlyForDeploymentPostprocessing = 0;
		};
		FA1014311AD0D2AD006A7100 /* Resources */ = {
			isa = PBXResourcesBuildPhase;
			buildActionMask = 2147483647;
			files = (
				FA10143F1AD0D2AD006A7100 /* InfoPlist.strings in Resources */,
			);
			runOnlyForDeploymentPostprocessing = 0;
		};
/* End PBXResourcesBuildPhase section */

/* Begin PBXSourcesBuildPhase section */
		FA1014141AD0D2AC006A7100 /* Sources */ = {
			isa = PBXSourcesBuildPhase;
			buildActionMask = 2147483647;
			files = (
				FA10142C1AD0D2AD006A7100 /* ASAppDelegate.m in Sources */,
				FA00BF941AD1044C0051DA66 /* ASGame.m in Sources */,
				FA966C391B115A70004C28C0 /* ASSlidingPuzzleGameViewController.m in Sources */,
				FA966C351B1158C5004C28C0 /* ASGameBoardViewSupporter.m in Sources */,
				FA1014281AD0D2AD006A7100 /* main.m in Sources */,
				FA966C2D1B115323004C28C0 /* ASSPGCVC.m in Sources */,
				FA00BF8D1AD0FA110051DA66 /* ASGameSelectionTableViewController.m in Sources */,
				FA10144D1AD0E429006A7100 /* ASHomeScreenViewController.m in Sources */,
				FA966C4D1B133705004C28C0 /* ASSlidingPuzzleSettingsVC.m in Sources */,
				FAA79E201B0A0E8000AA95C9 /* ASSlidingPuzzleGame.m in Sources */,
				FA00BFAE1AD13DF30051DA66 /* ASGameCell.m in Sources */,
				FA00BF901AD0FE5D0051DA66 /* ASHighScoresTableViewController.m in Sources */,
				FAA79E1D1B0A060E00AA95C9 /* ASGameBoard.m in Sources */,
				FA00BF9B1AD107210051DA66 /* ASGameDatabase.m in Sources */,
				FA966C481B11B0AB004C28C0 /* ASSlidingTileView.m in Sources */,
				FAA79E191B0A058900AA95C9 /* ASSlidingPuzzleGameCVC.m in Sources */,
			);
			runOnlyForDeploymentPostprocessing = 0;
		};
		FA10142F1AD0D2AD006A7100 /* Sources */ = {
			isa = PBXSourcesBuildPhase;
			buildActionMask = 2147483647;
			files = (
				FA1014411AD0D2AD006A7100 /* GameHouseTests.m in Sources */,
			);
			runOnlyForDeploymentPostprocessing = 0;
		};
/* End PBXSourcesBuildPhase section */

/* Begin PBXTargetDependency section */
		FA1014391AD0D2AD006A7100 /* PBXTargetDependency */ = {
			isa = PBXTargetDependency;
			target = FA1014171AD0D2AC006A7100 /* GameHouse */;
			targetProxy = FA1014381AD0D2AD006A7100 /* PBXContainerItemProxy */;
		};
/* End PBXTargetDependency section */

/* Begin PBXVariantGroup section */
		FA1014241AD0D2AD006A7100 /* InfoPlist.strings */ = {
			isa = PBXVariantGroup;
			children = (
				FA1014251AD0D2AD006A7100 /* en */,
			);
			name = InfoPlist.strings;
			sourceTree = "<group>";
		};
		FA10143D1AD0D2AD006A7100 /* InfoPlist.strings */ = {
			isa = PBXVariantGroup;
			children = (
				FA10143E1AD0D2AD006A7100 /* en */,
			);
			name = InfoPlist.strings;
			sourceTree = "<group>";
		};
/* End PBXVariantGroup section */

/* Begin XCBuildConfiguration section */
		FA1014421AD0D2AD006A7100 /* Debug */ = {
			isa = XCBuildConfiguration;
			buildSettings = {
				ALWAYS_SEARCH_USER_PATHS = NO;
				CLANG_CXX_LANGUAGE_STANDARD = "gnu++0x";
				CLANG_CXX_LIBRARY = "libc++";
				CLANG_ENABLE_MODULES = YES;
				CLANG_ENABLE_OBJC_ARC = YES;
				CLANG_WARN_BOOL_CONVERSION = YES;
				CLANG_WARN_CONSTANT_CONVERSION = YES;
				CLANG_WARN_DIRECT_OBJC_ISA_USAGE = YES_ERROR;
				CLANG_WARN_EMPTY_BODY = YES;
				CLANG_WARN_ENUM_CONVERSION = YES;
				CLANG_WARN_INT_CONVERSION = YES;
				CLANG_WARN_OBJC_ROOT_CLASS = YES_ERROR;
				CLANG_WARN__DUPLICATE_METHOD_MATCH = YES;
				"CODE_SIGN_IDENTITY[sdk=iphoneos*]" = "iPhone Developer";
				COPY_PHASE_STRIP = NO;
				GCC_C_LANGUAGE_STANDARD = gnu99;
				GCC_DYNAMIC_NO_PIC = NO;
				GCC_OPTIMIZATION_LEVEL = 0;
				GCC_PREPROCESSOR_DEFINITIONS = (
					"DEBUG=1",
					"$(inherited)",
				);
				GCC_SYMBOLS_PRIVATE_EXTERN = NO;
				GCC_WARN_64_TO_32_BIT_CONVERSION = YES;
				GCC_WARN_ABOUT_RETURN_TYPE = YES_ERROR;
				GCC_WARN_UNDECLARED_SELECTOR = YES;
				GCC_WARN_UNINITIALIZED_AUTOS = YES_AGGRESSIVE;
				GCC_WARN_UNUSED_FUNCTION = YES;
				GCC_WARN_UNUSED_VARIABLE = YES;
				IPHONEOS_DEPLOYMENT_TARGET = 7.1;
				ONLY_ACTIVE_ARCH = YES;
				SDKROOT = iphoneos;
			};
			name = Debug;
		};
		FA1014431AD0D2AD006A7100 /* Release */ = {
			isa = XCBuildConfiguration;
			buildSettings = {
				ALWAYS_SEARCH_USER_PATHS = NO;
				CLANG_CXX_LANGUAGE_STANDARD = "gnu++0x";
				CLANG_CXX_LIBRARY = "libc++";
				CLANG_ENABLE_MODULES = YES;
				CLANG_ENABLE_OBJC_ARC = YES;
				CLANG_WARN_BOOL_CONVERSION = YES;
				CLANG_WARN_CONSTANT_CONVERSION = YES;
				CLANG_WARN_DIRECT_OBJC_ISA_USAGE = YES_ERROR;
				CLANG_WARN_EMPTY_BODY = YES;
				CLANG_WARN_ENUM_CONVERSION = YES;
				CLANG_WARN_INT_CONVERSION = YES;
				CLANG_WARN_OBJC_ROOT_CLASS = YES_ERROR;
				CLANG_WARN__DUPLICATE_METHOD_MATCH = YES;
				"CODE_SIGN_IDENTITY[sdk=iphoneos*]" = "iPhone Developer";
				COPY_PHASE_STRIP = YES;
				ENABLE_NS_ASSERTIONS = NO;
				GCC_C_LANGUAGE_STANDARD = gnu99;
				GCC_WARN_64_TO_32_BIT_CONVERSION = YES;
				GCC_WARN_ABOUT_RETURN_TYPE = YES_ERROR;
				GCC_WARN_UNDECLARED_SELECTOR = YES;
				GCC_WARN_UNINITIALIZED_AUTOS = YES_AGGRESSIVE;
				GCC_WARN_UNUSED_FUNCTION = YES;
				GCC_WARN_UNUSED_VARIABLE = YES;
				IPHONEOS_DEPLOYMENT_TARGET = 7.1;
				SDKROOT = iphoneos;
				VALIDATE_PRODUCT = YES;
			};
			name = Release;
		};
		FA1014451AD0D2AD006A7100 /* Debug */ = {
			isa = XCBuildConfiguration;
			buildSettings = {
				ASSETCATALOG_COMPILER_APPICON_NAME = AppIcon;
				ASSETCATALOG_COMPILER_LAUNCHIMAGE_NAME = LaunchImage;
				GCC_PRECOMPILE_PREFIX_HEADER = YES;
				GCC_PREFIX_HEADER = "GameHouse/GameHouse-Prefix.pch";
				INFOPLIST_FILE = "GameHouse/GameHouse-Info.plist";
				PRODUCT_NAME = "$(TARGET_NAME)";
				WRAPPER_EXTENSION = app;
			};
			name = Debug;
		};
		FA1014461AD0D2AD006A7100 /* Release */ = {
			isa = XCBuildConfiguration;
			buildSettings = {
				ASSETCATALOG_COMPILER_APPICON_NAME = AppIcon;
				ASSETCATALOG_COMPILER_LAUNCHIMAGE_NAME = LaunchImage;
				GCC_PRECOMPILE_PREFIX_HEADER = YES;
				GCC_PREFIX_HEADER = "GameHouse/GameHouse-Prefix.pch";
				INFOPLIST_FILE = "GameHouse/GameHouse-Info.plist";
				PRODUCT_NAME = "$(TARGET_NAME)";
				WRAPPER_EXTENSION = app;
			};
			name = Release;
		};
		FA1014481AD0D2AD006A7100 /* Debug */ = {
			isa = XCBuildConfiguration;
			buildSettings = {
				BUNDLE_LOADER = "$(BUILT_PRODUCTS_DIR)/GameHouse.app/GameHouse";
				FRAMEWORK_SEARCH_PATHS = (
					"$(SDKROOT)/Developer/Library/Frameworks",
					"$(inherited)",
					"$(DEVELOPER_FRAMEWORKS_DIR)",
				);
				GCC_PRECOMPILE_PREFIX_HEADER = YES;
				GCC_PREFIX_HEADER = "GameHouse/GameHouse-Prefix.pch";
				GCC_PREPROCESSOR_DEFINITIONS = (
					"DEBUG=1",
					"$(inherited)",
				);
				INFOPLIST_FILE = "GameHouseTests/GameHouseTests-Info.plist";
				PRODUCT_NAME = "$(TARGET_NAME)";
				TEST_HOST = "$(BUNDLE_LOADER)";
				WRAPPER_EXTENSION = xctest;
			};
			name = Debug;
		};
		FA1014491AD0D2AD006A7100 /* Release */ = {
			isa = XCBuildConfiguration;
			buildSettings = {
				BUNDLE_LOADER = "$(BUILT_PRODUCTS_DIR)/GameHouse.app/GameHouse";
				FRAMEWORK_SEARCH_PATHS = (
					"$(SDKROOT)/Developer/Library/Frameworks",
					"$(inherited)",
					"$(DEVELOPER_FRAMEWORKS_DIR)",
				);
				GCC_PRECOMPILE_PREFIX_HEADER = YES;
				GCC_PREFIX_HEADER = "GameHouse/GameHouse-Prefix.pch";
				INFOPLIST_FILE = "GameHouseTests/GameHouseTests-Info.plist";
				PRODUCT_NAME = "$(TARGET_NAME)";
				TEST_HOST = "$(BUNDLE_LOADER)";
				WRAPPER_EXTENSION = xctest;
			};
			name = Release;
		};
/* End XCBuildConfiguration section */

/* Begin XCConfigurationList section */
		FA1014131AD0D2AC006A7100 /* Build configuration list for PBXProject "GameHouse" */ = {
			isa = XCConfigurationList;
			buildConfigurations = (
				FA1014421AD0D2AD006A7100 /* Debug */,
				FA1014431AD0D2AD006A7100 /* Release */,
			);
			defaultConfigurationIsVisible = 0;
			defaultConfigurationName = Release;
		};
		FA1014441AD0D2AD006A7100 /* Build configuration list for PBXNativeTarget "GameHouse" */ = {
			isa = XCConfigurationList;
			buildConfigurations = (
				FA1014451AD0D2AD006A7100 /* Debug */,
				FA1014461AD0D2AD006A7100 /* Release */,
			);
			defaultConfigurationIsVisible = 0;
			defaultConfigurationName = Release;
		};
		FA1014471AD0D2AD006A7100 /* Build configuration list for PBXNativeTarget "GameHouseTests" */ = {
			isa = XCConfigurationList;
			buildConfigurations = (
				FA1014481AD0D2AD006A7100 /* Debug */,
				FA1014491AD0D2AD006A7100 /* Release */,
			);
			defaultConfigurationIsVisible = 0;
			defaultConfigurationName = Release;
		};
/* End XCConfigurationList section */
	};
	rootObject = FA1014101AD0D2AC006A7100 /* Project object */;
}
