// !$*UTF8*$!
{
	archiveVersion = 1;
	classes = {
	};
	objectVersion = 46;
	objects = {

/* Begin PBXBuildFile section */
		FA00BF901AD0FE5D0051DA66 /* PreviousGamesTVC.m in Sources */ = {isa = PBXBuildFile; fileRef = FA00BF8F1AD0FE5D0051DA66 /* PreviousGamesTVC.m */; };
		FA10141C1AD0D2AC006A7100 /* Foundation.framework in Frameworks */ = {isa = PBXBuildFile; fileRef = FA10141B1AD0D2AC006A7100 /* Foundation.framework */; };
		FA10141E1AD0D2AC006A7100 /* CoreGraphics.framework in Frameworks */ = {isa = PBXBuildFile; fileRef = FA10141D1AD0D2AC006A7100 /* CoreGraphics.framework */; };
		FA1014201AD0D2AD006A7100 /* UIKit.framework in Frameworks */ = {isa = PBXBuildFile; fileRef = FA10141F1AD0D2AC006A7100 /* UIKit.framework */; };
		FA1014261AD0D2AD006A7100 /* InfoPlist.strings in Resources */ = {isa = PBXBuildFile; fileRef = FA1014241AD0D2AD006A7100 /* InfoPlist.strings */; };
		FA1014281AD0D2AD006A7100 /* main.m in Sources */ = {isa = PBXBuildFile; fileRef = FA1014271AD0D2AD006A7100 /* main.m */; };
		FA10142C1AD0D2AD006A7100 /* AppDelegate.m in Sources */ = {isa = PBXBuildFile; fileRef = FA10142B1AD0D2AD006A7100 /* AppDelegate.m */; };
		FA10142E1AD0D2AD006A7100 /* Images.xcassets in Resources */ = {isa = PBXBuildFile; fileRef = FA10142D1AD0D2AD006A7100 /* Images.xcassets */; };
		FA1014351AD0D2AD006A7100 /* XCTest.framework in Frameworks */ = {isa = PBXBuildFile; fileRef = FA1014341AD0D2AD006A7100 /* XCTest.framework */; };
		FA1014361AD0D2AD006A7100 /* Foundation.framework in Frameworks */ = {isa = PBXBuildFile; fileRef = FA10141B1AD0D2AC006A7100 /* Foundation.framework */; };
		FA1014371AD0D2AD006A7100 /* UIKit.framework in Frameworks */ = {isa = PBXBuildFile; fileRef = FA10141F1AD0D2AC006A7100 /* UIKit.framework */; };
		FA10143F1AD0D2AD006A7100 /* InfoPlist.strings in Resources */ = {isa = PBXBuildFile; fileRef = FA10143D1AD0D2AD006A7100 /* InfoPlist.strings */; };
		FA1014411AD0D2AD006A7100 /* GameHouseTests.m in Sources */ = {isa = PBXBuildFile; fileRef = FA1014401AD0D2AD006A7100 /* GameHouseTests.m */; };
		FA10144D1AD0E429006A7100 /* HomeScreenVC.m in Sources */ = {isa = PBXBuildFile; fileRef = FA10144B1AD0E429006A7100 /* HomeScreenVC.m */; };
		FA10144E1AD0E429006A7100 /* HomeScreenVC.xib in Resources */ = {isa = PBXBuildFile; fileRef = FA10144C1AD0E429006A7100 /* HomeScreenVC.xib */; };
		FA3255ED1B803BA90045A827 /* UIImage+Crop.m in Sources */ = {isa = PBXBuildFile; fileRef = FA3255EC1B803BA90045A827 /* UIImage+Crop.m */; };
		FA966C391B115A70004C28C0 /* PuzzleGameVC.m in Sources */ = {isa = PBXBuildFile; fileRef = FA966C371B115A70004C28C0 /* PuzzleGameVC.m */; };
		FA966C3A1B115A70004C28C0 /* PuzzleGameVC.xib in Resources */ = {isa = PBXBuildFile; fileRef = FA966C381B115A70004C28C0 /* PuzzleGameVC.xib */; };
		FA966C481B11B0AB004C28C0 /* TileView.m in Sources */ = {isa = PBXBuildFile; fileRef = FA966C461B11B0AB004C28C0 /* TileView.m */; };
		FA966C4D1B133705004C28C0 /* SettingsVC.m in Sources */ = {isa = PBXBuildFile; fileRef = FA966C4B1B133705004C28C0 /* SettingsVC.m */; };
		FA966C4E1B133705004C28C0 /* SettingsVC.xib in Resources */ = {isa = PBXBuildFile; fileRef = FA966C4C1B133705004C28C0 /* SettingsVC.xib */; };
		FAA5CD4E1B88186A002E2167 /* ObjectGridVC.m in Sources */ = {isa = PBXBuildFile; fileRef = FAA5CD4D1B88186A002E2167 /* ObjectGridVC.m */; };
		FAA5CD5B1B89FB63002E2167 /* SlidingPuzzleGame.m in Sources */ = {isa = PBXBuildFile; fileRef = FAA5CD5A1B89FB63002E2167 /* SlidingPuzzleGame.m */; };
		FAA5CD611B8B3A1F002E2167 /* GridInterface.m in Sources */ = {isa = PBXBuildFile; fileRef = FAA5CD601B8B3A1F002E2167 /* GridInterface.m */; };
		FAAB34911B8C99E90006C936 /* NoScrollObjectGridVC.m in Sources */ = {isa = PBXBuildFile; fileRef = FAAB34901B8C99E90006C936 /* NoScrollObjectGridVC.m */; };
		FAAB34941B8DC1A90006C936 /* GridOfObjects.m in Sources */ = {isa = PBXBuildFile; fileRef = FAAB34931B8DC1A90006C936 /* GridOfObjects.m */; };
		FAAB34971B8DC6CA0006C936 /* SPGrid.m in Sources */ = {isa = PBXBuildFile; fileRef = FAAB34961B8DC6CA0006C936 /* SPGrid.m */; };
		FAF8A3BB1B25667500EEDB01 /* PreviousGameDatabase.m in Sources */ = {isa = PBXBuildFile; fileRef = FAF8A3BA1B25667500EEDB01 /* PreviousGameDatabase.m */; };
		FAF8A3C31B2C020F00EEDB01 /* PreviousGamesByDifficultyTVC.m in Sources */ = {isa = PBXBuildFile; fileRef = FAF8A3C21B2C020F00EEDB01 /* PreviousGamesByDifficultyTVC.m */; };
		FAF8A3C61B2C045900EEDB01 /* PreviousGamesByBoardSizeTVC.m in Sources */ = {isa = PBXBuildFile; fileRef = FAF8A3C51B2C045900EEDB01 /* PreviousGamesByBoardSizeTVC.m */; };
		FAF8A3C91B2C060900EEDB01 /* GamesListTVC.m in Sources */ = {isa = PBXBuildFile; fileRef = FAF8A3C81B2C060900EEDB01 /* GamesListTVC.m */; };
		FAF8A3CD1B2C164600EEDB01 /* PreviousGameCell.m in Sources */ = {isa = PBXBuildFile; fileRef = FAF8A3CB1B2C164600EEDB01 /* PreviousGameCell.m */; };
		FAF8A3CE1B2C164600EEDB01 /* PreviousGameCell.xib in Resources */ = {isa = PBXBuildFile; fileRef = FAF8A3CC1B2C164600EEDB01 /* PreviousGameCell.xib */; };
/* End PBXBuildFile section */

/* Begin PBXContainerItemProxy section */
		FA1014381AD0D2AD006A7100 /* PBXContainerItemProxy */ = {
			isa = PBXContainerItemProxy;
			containerPortal = FA1014101AD0D2AC006A7100 /* Project object */;
			proxyType = 1;
			remoteGlobalIDString = FA1014171AD0D2AC006A7100;
			remoteInfo = GameHouse;
		};
/* End PBXContainerItemProxy section */

/* Begin PBXFileReference section */
		FA00BF8E1AD0FE5D0051DA66 /* PreviousGamesTVC.h */ = {isa = PBXFileReference; fileEncoding = 4; lastKnownFileType = sourcecode.c.h; path = PreviousGamesTVC.h; sourceTree = "<group>"; };
		FA00BF8F1AD0FE5D0051DA66 /* PreviousGamesTVC.m */ = {isa = PBXFileReference; fileEncoding = 4; lastKnownFileType = sourcecode.c.objc; path = PreviousGamesTVC.m; sourceTree = "<group>"; };
		FA0A78CD1B2EF538002B3D1C /* GridInterface.h */ = {isa = PBXFileReference; lastKnownFileType = sourcecode.c.h; path = GridInterface.h; sourceTree = "<group>"; };
		FA1014181AD0D2AC006A7100 /* Sliding Puzzle.app */ = {isa = PBXFileReference; explicitFileType = wrapper.application; includeInIndex = 0; path = "Sliding Puzzle.app"; sourceTree = BUILT_PRODUCTS_DIR; };
		FA10141B1AD0D2AC006A7100 /* Foundation.framework */ = {isa = PBXFileReference; lastKnownFileType = wrapper.framework; name = Foundation.framework; path = System/Library/Frameworks/Foundation.framework; sourceTree = SDKROOT; };
		FA10141D1AD0D2AC006A7100 /* CoreGraphics.framework */ = {isa = PBXFileReference; lastKnownFileType = wrapper.framework; name = CoreGraphics.framework; path = System/Library/Frameworks/CoreGraphics.framework; sourceTree = SDKROOT; };
		FA10141F1AD0D2AC006A7100 /* UIKit.framework */ = {isa = PBXFileReference; lastKnownFileType = wrapper.framework; name = UIKit.framework; path = System/Library/Frameworks/UIKit.framework; sourceTree = SDKROOT; };
		FA1014231AD0D2AD006A7100 /* Sliding Puzzle-Info.plist */ = {isa = PBXFileReference; lastKnownFileType = text.plist.xml; path = "Sliding Puzzle-Info.plist"; sourceTree = "<group>"; };
		FA1014251AD0D2AD006A7100 /* en */ = {isa = PBXFileReference; lastKnownFileType = text.plist.strings; name = en; path = en.lproj/InfoPlist.strings; sourceTree = "<group>"; };
		FA1014271AD0D2AD006A7100 /* main.m */ = {isa = PBXFileReference; lastKnownFileType = sourcecode.c.objc; path = main.m; sourceTree = "<group>"; };
		FA1014291AD0D2AD006A7100 /* Sliding Puzzle-Prefix.pch */ = {isa = PBXFileReference; lastKnownFileType = sourcecode.c.h; path = "Sliding Puzzle-Prefix.pch"; sourceTree = "<group>"; };
		FA10142A1AD0D2AD006A7100 /* AppDelegate.h */ = {isa = PBXFileReference; lastKnownFileType = sourcecode.c.h; path = AppDelegate.h; sourceTree = "<group>"; };
		FA10142B1AD0D2AD006A7100 /* AppDelegate.m */ = {isa = PBXFileReference; lastKnownFileType = sourcecode.c.objc; path = AppDelegate.m; sourceTree = "<group>"; };
		FA10142D1AD0D2AD006A7100 /* Images.xcassets */ = {isa = PBXFileReference; lastKnownFileType = folder.assetcatalog; path = Images.xcassets; sourceTree = "<group>"; };
		FA1014331AD0D2AD006A7100 /* Sliding PuzzleTests.xctest */ = {isa = PBXFileReference; explicitFileType = wrapper.cfbundle; includeInIndex = 0; path = "Sliding PuzzleTests.xctest"; sourceTree = BUILT_PRODUCTS_DIR; };
		FA1014341AD0D2AD006A7100 /* XCTest.framework */ = {isa = PBXFileReference; lastKnownFileType = wrapper.framework; name = XCTest.framework; path = Library/Frameworks/XCTest.framework; sourceTree = DEVELOPER_DIR; };
		FA10143C1AD0D2AD006A7100 /* Sliding PuzzleTests-Info.plist */ = {isa = PBXFileReference; lastKnownFileType = text.plist.xml; path = "Sliding PuzzleTests-Info.plist"; sourceTree = "<group>"; };
		FA10143E1AD0D2AD006A7100 /* en */ = {isa = PBXFileReference; lastKnownFileType = text.plist.strings; name = en; path = en.lproj/InfoPlist.strings; sourceTree = "<group>"; };
		FA1014401AD0D2AD006A7100 /* GameHouseTests.m */ = {isa = PBXFileReference; lastKnownFileType = sourcecode.c.objc; path = GameHouseTests.m; sourceTree = "<group>"; };
		FA10144A1AD0E429006A7100 /* HomeScreenVC.h */ = {isa = PBXFileReference; fileEncoding = 4; lastKnownFileType = sourcecode.c.h; path = HomeScreenVC.h; sourceTree = "<group>"; };
		FA10144B1AD0E429006A7100 /* HomeScreenVC.m */ = {isa = PBXFileReference; fileEncoding = 4; lastKnownFileType = sourcecode.c.objc; path = HomeScreenVC.m; sourceTree = "<group>"; };
		FA10144C1AD0E429006A7100 /* HomeScreenVC.xib */ = {isa = PBXFileReference; fileEncoding = 4; lastKnownFileType = file.xib; path = HomeScreenVC.xib; sourceTree = "<group>"; };
		FA3255EB1B803BA90045A827 /* UIImage+Crop.h */ = {isa = PBXFileReference; fileEncoding = 4; lastKnownFileType = sourcecode.c.h; path = "UIImage+Crop.h"; sourceTree = "<group>"; };
		FA3255EC1B803BA90045A827 /* UIImage+Crop.m */ = {isa = PBXFileReference; fileEncoding = 4; lastKnownFileType = sourcecode.c.objc; path = "UIImage+Crop.m"; sourceTree = "<group>"; };
		FA966C361B115A70004C28C0 /* PuzzleGameVC.h */ = {isa = PBXFileReference; fileEncoding = 4; lastKnownFileType = sourcecode.c.h; path = PuzzleGameVC.h; sourceTree = "<group>"; };
		FA966C371B115A70004C28C0 /* PuzzleGameVC.m */ = {isa = PBXFileReference; fileEncoding = 4; lastKnownFileType = sourcecode.c.objc; path = PuzzleGameVC.m; sourceTree = "<group>"; };
		FA966C381B115A70004C28C0 /* PuzzleGameVC.xib */ = {isa = PBXFileReference; fileEncoding = 4; lastKnownFileType = file.xib; path = PuzzleGameVC.xib; sourceTree = "<group>"; };
		FA966C451B11B0AB004C28C0 /* TileView.h */ = {isa = PBXFileReference; fileEncoding = 4; lastKnownFileType = sourcecode.c.h; path = TileView.h; sourceTree = "<group>"; };
		FA966C461B11B0AB004C28C0 /* TileView.m */ = {isa = PBXFileReference; fileEncoding = 4; lastKnownFileType = sourcecode.c.objc; path = TileView.m; sourceTree = "<group>"; };
		FA966C4A1B133705004C28C0 /* SettingsVC.h */ = {isa = PBXFileReference; fileEncoding = 4; lastKnownFileType = sourcecode.c.h; path = SettingsVC.h; sourceTree = "<group>"; };
		FA966C4B1B133705004C28C0 /* SettingsVC.m */ = {isa = PBXFileReference; fileEncoding = 4; lastKnownFileType = sourcecode.c.objc; path = SettingsVC.m; sourceTree = "<group>"; };
		FA966C4C1B133705004C28C0 /* SettingsVC.xib */ = {isa = PBXFileReference; fileEncoding = 4; lastKnownFileType = file.xib; path = SettingsVC.xib; sourceTree = "<group>"; };
		FAA5CD4C1B88186A002E2167 /* ObjectGridVC.h */ = {isa = PBXFileReference; fileEncoding = 4; lastKnownFileType = sourcecode.c.h; path = ObjectGridVC.h; sourceTree = "<group>"; };
		FAA5CD4D1B88186A002E2167 /* ObjectGridVC.m */ = {isa = PBXFileReference; fileEncoding = 4; lastKnownFileType = sourcecode.c.objc; path = ObjectGridVC.m; sourceTree = "<group>"; };
		FAA5CD591B89FB63002E2167 /* SlidingPuzzleGame.h */ = {isa = PBXFileReference; fileEncoding = 4; lastKnownFileType = sourcecode.c.h; path = SlidingPuzzleGame.h; sourceTree = "<group>"; };
		FAA5CD5A1B89FB63002E2167 /* SlidingPuzzleGame.m */ = {isa = PBXFileReference; fileEncoding = 4; lastKnownFileType = sourcecode.c.objc; path = SlidingPuzzleGame.m; sourceTree = "<group>"; };
		FAA5CD601B8B3A1F002E2167 /* GridInterface.m */ = {isa = PBXFileReference; fileEncoding = 4; lastKnownFileType = sourcecode.c.objc; path = GridInterface.m; sourceTree = "<group>"; };
		FAAB348F1B8C99E90006C936 /* NoScrollObjectGridVC.h */ = {isa = PBXFileReference; fileEncoding = 4; lastKnownFileType = sourcecode.c.h; path = NoScrollObjectGridVC.h; sourceTree = "<group>"; };
		FAAB34901B8C99E90006C936 /* NoScrollObjectGridVC.m */ = {isa = PBXFileReference; fileEncoding = 4; lastKnownFileType = sourcecode.c.objc; path = NoScrollObjectGridVC.m; sourceTree = "<group>"; };
		FAAB34921B8DC1A90006C936 /* GridOfObjects.h */ = {isa = PBXFileReference; fileEncoding = 4; lastKnownFileType = sourcecode.c.h; path = GridOfObjects.h; sourceTree = "<group>"; };
		FAAB34931B8DC1A90006C936 /* GridOfObjects.m */ = {isa = PBXFileReference; fileEncoding = 4; lastKnownFileType = sourcecode.c.objc; path = GridOfObjects.m; sourceTree = "<group>"; };
		FAAB34951B8DC6CA0006C936 /* SPGrid.h */ = {isa = PBXFileReference; fileEncoding = 4; lastKnownFileType = sourcecode.c.h; path = SPGrid.h; sourceTree = "<group>"; };
		FAAB34961B8DC6CA0006C936 /* SPGrid.m */ = {isa = PBXFileReference; fileEncoding = 4; lastKnownFileType = sourcecode.c.objc; path = SPGrid.m; sourceTree = "<group>"; };
		FAF8A3B91B25667500EEDB01 /* PreviousGameDatabase.h */ = {isa = PBXFileReference; fileEncoding = 4; lastKnownFileType = sourcecode.c.h; path = PreviousGameDatabase.h; sourceTree = "<group>"; };
		FAF8A3BA1B25667500EEDB01 /* PreviousGameDatabase.m */ = {isa = PBXFileReference; fileEncoding = 4; lastKnownFileType = sourcecode.c.objc; path = PreviousGameDatabase.m; sourceTree = "<group>"; };
		FAF8A3C11B2C020F00EEDB01 /* PreviousGamesByDifficultyTVC.h */ = {isa = PBXFileReference; fileEncoding = 4; lastKnownFileType = sourcecode.c.h; path = PreviousGamesByDifficultyTVC.h; sourceTree = "<group>"; };
		FAF8A3C21B2C020F00EEDB01 /* PreviousGamesByDifficultyTVC.m */ = {isa = PBXFileReference; fileEncoding = 4; lastKnownFileType = sourcecode.c.objc; path = PreviousGamesByDifficultyTVC.m; sourceTree = "<group>"; };
		FAF8A3C41B2C045900EEDB01 /* PreviousGamesByBoardSizeTVC.h */ = {isa = PBXFileReference; fileEncoding = 4; lastKnownFileType = sourcecode.c.h; path = PreviousGamesByBoardSizeTVC.h; sourceTree = "<group>"; };
		FAF8A3C51B2C045900EEDB01 /* PreviousGamesByBoardSizeTVC.m */ = {isa = PBXFileReference; fileEncoding = 4; lastKnownFileType = sourcecode.c.objc; path = PreviousGamesByBoardSizeTVC.m; sourceTree = "<group>"; };
		FAF8A3C71B2C060900EEDB01 /* GamesListTVC.h */ = {isa = PBXFileReference; fileEncoding = 4; lastKnownFileType = sourcecode.c.h; path = GamesListTVC.h; sourceTree = "<group>"; };
		FAF8A3C81B2C060900EEDB01 /* GamesListTVC.m */ = {isa = PBXFileReference; fileEncoding = 4; lastKnownFileType = sourcecode.c.objc; path = GamesListTVC.m; sourceTree = "<group>"; };
		FAF8A3CA1B2C164600EEDB01 /* PreviousGameCell.h */ = {isa = PBXFileReference; fileEncoding = 4; lastKnownFileType = sourcecode.c.h; path = PreviousGameCell.h; sourceTree = "<group>"; };
		FAF8A3CB1B2C164600EEDB01 /* PreviousGameCell.m */ = {isa = PBXFileReference; fileEncoding = 4; lastKnownFileType = sourcecode.c.objc; path = PreviousGameCell.m; sourceTree = "<group>"; };
		FAF8A3CC1B2C164600EEDB01 /* PreviousGameCell.xib */ = {isa = PBXFileReference; fileEncoding = 4; lastKnownFileType = file.xib; path = PreviousGameCell.xib; sourceTree = "<group>"; };
/* End PBXFileReference section */

/* Begin PBXFrameworksBuildPhase section */
		FA1014151AD0D2AC006A7100 /* Frameworks */ = {
			isa = PBXFrameworksBuildPhase;
			buildActionMask = 2147483647;
			files = (
				FA10141E1AD0D2AC006A7100 /* CoreGraphics.framework in Frameworks */,
				FA1014201AD0D2AD006A7100 /* UIKit.framework in Frameworks */,
				FA10141C1AD0D2AC006A7100 /* Foundation.framework in Frameworks */,
			);
			runOnlyForDeploymentPostprocessing = 0;
		};
		FA1014301AD0D2AD006A7100 /* Frameworks */ = {
			isa = PBXFrameworksBuildPhase;
			buildActionMask = 2147483647;
			files = (
				FA1014351AD0D2AD006A7100 /* XCTest.framework in Frameworks */,
				FA1014371AD0D2AD006A7100 /* UIKit.framework in Frameworks */,
				FA1014361AD0D2AD006A7100 /* Foundation.framework in Frameworks */,
			);
			runOnlyForDeploymentPostprocessing = 0;
		};
/* End PBXFrameworksBuildPhase section */

/* Begin PBXGroup section */
		FA00BF951AD104510051DA66 /* Model */ = {
			isa = PBXGroup;
			children = (
				FAA5CD4B1B8801C9002E2167 /* Categories */,
				FAF8A3CC1B2C164600EEDB01 /* PreviousGameCell.xib */,
				FA0A78CD1B2EF538002B3D1C /* GridInterface.h */,
				FAA5CD601B8B3A1F002E2167 /* GridInterface.m */,
				FAF8A3B91B25667500EEDB01 /* PreviousGameDatabase.h */,
				FAF8A3BA1B25667500EEDB01 /* PreviousGameDatabase.m */,
				FAAB34921B8DC1A90006C936 /* GridOfObjects.h */,
				FAAB34931B8DC1A90006C936 /* GridOfObjects.m */,
				FAAB34951B8DC6CA0006C936 /* SPGrid.h */,
				FAAB34961B8DC6CA0006C936 /* SPGrid.m */,
				FAA5CD591B89FB63002E2167 /* SlidingPuzzleGame.h */,
				FAA5CD5A1B89FB63002E2167 /* SlidingPuzzleGame.m */,
			);
			name = Model;
			sourceTree = "<group>";
		};
		FA0A78C91B2DAEF2002B3D1C /* Main Game Screen */ = {
			isa = PBXGroup;
			children = (
				FA966C361B115A70004C28C0 /* PuzzleGameVC.h */,
				FA966C371B115A70004C28C0 /* PuzzleGameVC.m */,
				FA966C381B115A70004C28C0 /* PuzzleGameVC.xib */,
				FA966C4A1B133705004C28C0 /* SettingsVC.h */,
				FA966C4B1B133705004C28C0 /* SettingsVC.m */,
				FA966C4C1B133705004C28C0 /* SettingsVC.xib */,
				FAA5CD4C1B88186A002E2167 /* ObjectGridVC.h */,
				FAA5CD4D1B88186A002E2167 /* ObjectGridVC.m */,
				FAAB348F1B8C99E90006C936 /* NoScrollObjectGridVC.h */,
				FAAB34901B8C99E90006C936 /* NoScrollObjectGridVC.m */,
				FA966C451B11B0AB004C28C0 /* TileView.h */,
				FA966C461B11B0AB004C28C0 /* TileView.m */,
			);
			name = "Main Game Screen";
			sourceTree = "<group>";
		};
		FA10140F1AD0D2AC006A7100 = {
			isa = PBXGroup;
			children = (
				FA1014211AD0D2AD006A7100 /* GameHouse */,
				FA10143A1AD0D2AD006A7100 /* GameHouseTests */,
				FA10141A1AD0D2AC006A7100 /* Frameworks */,
				FA1014191AD0D2AC006A7100 /* Products */,
			);
			sourceTree = "<group>";
		};
		FA1014191AD0D2AC006A7100 /* Products */ = {
			isa = PBXGroup;
			children = (
				FA1014181AD0D2AC006A7100 /* Sliding Puzzle.app */,
				FA1014331AD0D2AD006A7100 /* Sliding PuzzleTests.xctest */,
			);
			name = Products;
			sourceTree = "<group>";
		};
		FA10141A1AD0D2AC006A7100 /* Frameworks */ = {
			isa = PBXGroup;
			children = (
				FA10141B1AD0D2AC006A7100 /* Foundation.framework */,
				FA10141D1AD0D2AC006A7100 /* CoreGraphics.framework */,
				FA10141F1AD0D2AC006A7100 /* UIKit.framework */,
				FA1014341AD0D2AD006A7100 /* XCTest.framework */,
			);
			name = Frameworks;
			sourceTree = "<group>";
		};
		FA1014211AD0D2AD006A7100 /* GameHouse */ = {
			isa = PBXGroup;
			children = (
				FA10142A1AD0D2AD006A7100 /* AppDelegate.h */,
				FA10142B1AD0D2AD006A7100 /* AppDelegate.m */,
				FAF8A3BC1B256F8100EEDB01 /* Home Screen */,
				FA0A78C91B2DAEF2002B3D1C /* Main Game Screen */,
				FA3161C41B3E4686009C9B4F /* Previous Games Screen */,
				FA00BF951AD104510051DA66 /* Model */,
				FA10142D1AD0D2AD006A7100 /* Images.xcassets */,
				FA1014221AD0D2AD006A7100 /* Supporting Files */,
			);
			path = GameHouse;
			sourceTree = "<group>";
		};
		FA1014221AD0D2AD006A7100 /* Supporting Files */ = {
			isa = PBXGroup;
			children = (
				FA1014231AD0D2AD006A7100 /* Sliding Puzzle-Info.plist */,
				FA1014241AD0D2AD006A7100 /* InfoPlist.strings */,
				FA1014271AD0D2AD006A7100 /* main.m */,
				FA1014291AD0D2AD006A7100 /* Sliding Puzzle-Prefix.pch */,
			);
			name = "Supporting Files";
			sourceTree = "<group>";
		};
		FA10143A1AD0D2AD006A7100 /* GameHouseTests */ = {
			isa = PBXGroup;
			children = (
				FA1014401AD0D2AD006A7100 /* GameHouseTests.m */,
				FA10143B1AD0D2AD006A7100 /* Supporting Files */,
			);
			path = GameHouseTests;
			sourceTree = "<group>";
		};
		FA10143B1AD0D2AD006A7100 /* Supporting Files */ = {
			isa = PBXGroup;
			children = (
				FA10143C1AD0D2AD006A7100 /* Sliding PuzzleTests-Info.plist */,
				FA10143D1AD0D2AD006A7100 /* InfoPlist.strings */,
			);
			name = "Supporting Files";
			sourceTree = "<group>";
		};
		FA3161C41B3E4686009C9B4F /* Previous Games Screen */ = {
			isa = PBXGroup;
			children = (
				FA00BF8E1AD0FE5D0051DA66 /* PreviousGamesTVC.h */,
				FA00BF8F1AD0FE5D0051DA66 /* PreviousGamesTVC.m */,
				FAF8A3C11B2C020F00EEDB01 /* PreviousGamesByDifficultyTVC.h */,
				FAF8A3C21B2C020F00EEDB01 /* PreviousGamesByDifficultyTVC.m */,
				FAF8A3C41B2C045900EEDB01 /* PreviousGamesByBoardSizeTVC.h */,
				FAF8A3C51B2C045900EEDB01 /* PreviousGamesByBoardSizeTVC.m */,
				FAF8A3C71B2C060900EEDB01 /* GamesListTVC.h */,
				FAF8A3C81B2C060900EEDB01 /* GamesListTVC.m */,
				FAF8A3CA1B2C164600EEDB01 /* PreviousGameCell.h */,
				FAF8A3CB1B2C164600EEDB01 /* PreviousGameCell.m */,
			);
			name = "Previous Games Screen";
			sourceTree = "<group>";
		};
		FAA5CD4B1B8801C9002E2167 /* Categories */ = {
			isa = PBXGroup;
			children = (
				FA3255EB1B803BA90045A827 /* UIImage+Crop.h */,
				FA3255EC1B803BA90045A827 /* UIImage+Crop.m */,
			);
			name = Categories;
			sourceTree = "<group>";
		};
		FAF8A3BC1B256F8100EEDB01 /* Home Screen */ = {
			isa = PBXGroup;
			children = (
				FA10144A1AD0E429006A7100 /* HomeScreenVC.h */,
				FA10144B1AD0E429006A7100 /* HomeScreenVC.m */,
				FA10144C1AD0E429006A7100 /* HomeScreenVC.xib */,
			);
			name = "Home Screen";
			sourceTree = "<group>";
		};
/* End PBXGroup section */

/* Begin PBXNativeTarget section */
		FA1014171AD0D2AC006A7100 /* Sliding Puzzle */ = {
			isa = PBXNativeTarget;
			buildConfigurationList = FA1014441AD0D2AD006A7100 /* Build configuration list for PBXNativeTarget "Sliding Puzzle" */;
			buildPhases = (
				FA1014141AD0D2AC006A7100 /* Sources */,
				FA1014151AD0D2AC006A7100 /* Frameworks */,
				FA1014161AD0D2AC006A7100 /* Resources */,
			);
			buildRules = (
			);
			dependencies = (
			);
			name = "Sliding Puzzle";
			productName = GameHouse;
			productReference = FA1014181AD0D2AC006A7100 /* Sliding Puzzle.app */;
			productType = "com.apple.product-type.application";
		};
		FA1014321AD0D2AD006A7100 /* Sliding PuzzleTests */ = {
			isa = PBXNativeTarget;
			buildConfigurationList = FA1014471AD0D2AD006A7100 /* Build configuration list for PBXNativeTarget "Sliding PuzzleTests" */;
			buildPhases = (
				FA10142F1AD0D2AD006A7100 /* Sources */,
				FA1014301AD0D2AD006A7100 /* Frameworks */,
				FA1014311AD0D2AD006A7100 /* Resources */,
			);
			buildRules = (
			);
			dependencies = (
				FA1014391AD0D2AD006A7100 /* PBXTargetDependency */,
			);
			name = "Sliding PuzzleTests";
			productName = GameHouseTests;
			productReference = FA1014331AD0D2AD006A7100 /* Sliding PuzzleTests.xctest */;
			productType = "com.apple.product-type.bundle.unit-test";
		};
/* End PBXNativeTarget section */

/* Begin PBXProject section */
		FA1014101AD0D2AC006A7100 /* Project object */ = {
			isa = PBXProject;
			attributes = {
				CLASSPREFIX = AS;
				LastUpgradeCheck = 0510;
				ORGANIZATIONNAME = "Alex Smith";
				TargetAttributes = {
					FA1014171AD0D2AC006A7100 = {
						DevelopmentTeam = 37CCTH6C4V;
					};
					FA1014321AD0D2AD006A7100 = {
						TestTargetID = FA1014171AD0D2AC006A7100;
					};
				};
			};
			buildConfigurationList = FA1014131AD0D2AC006A7100 /* Build configuration list for PBXProject "Sliding Puzzle" */;
			compatibilityVersion = "Xcode 3.2";
			developmentRegion = English;
			hasScannedForEncodings = 0;
			knownRegions = (
				en,
			);
			mainGroup = FA10140F1AD0D2AC006A7100;
			productRefGroup = FA1014191AD0D2AC006A7100 /* Products */;
			projectDirPath = "";
			projectRoot = "";
			targets = (
				FA1014171AD0D2AC006A7100 /* Sliding Puzzle */,
				FA1014321AD0D2AD006A7100 /* Sliding PuzzleTests */,
			);
		};
/* End PBXProject section */

/* Begin PBXResourcesBuildPhase section */
		FA1014161AD0D2AC006A7100 /* Resources */ = {
			isa = PBXResourcesBuildPhase;
			buildActionMask = 2147483647;
			files = (
				FA966C4E1B133705004C28C0 /* SettingsVC.xib in Resources */,
				FAF8A3CE1B2C164600EEDB01 /* PreviousGameCell.xib in Resources */,
				FA10144E1AD0E429006A7100 /* HomeScreenVC.xib in Resources */,
				FA966C3A1B115A70004C28C0 /* PuzzleGameVC.xib in Resources */,
				FA1014261AD0D2AD006A7100 /* InfoPlist.strings in Resources */,
				FA10142E1AD0D2AD006A7100 /* Images.xcassets in Resources */,
			);
			runOnlyForDeploymentPostprocessing = 0;
		};
		FA1014311AD0D2AD006A7100 /* Resources */ = {
			isa = PBXResourcesBuildPhase;
			buildActionMask = 2147483647;
			files = (
				FA10143F1AD0D2AD006A7100 /* InfoPlist.strings in Resources */,
			);
			runOnlyForDeploymentPostprocessing = 0;
		};
/* End PBXResourcesBuildPhase section */

/* Begin PBXSourcesBuildPhase section */
		FA1014141AD0D2AC006A7100 /* Sources */ = {
			isa = PBXSourcesBuildPhase;
			buildActionMask = 2147483647;
			files = (
				FA10142C1AD0D2AD006A7100 /* AppDelegate.m in Sources */,
				FA966C391B115A70004C28C0 /* PuzzleGameVC.m in Sources */,
				FAAB34941B8DC1A90006C936 /* GridOfObjects.m in Sources */,
				FA1014281AD0D2AD006A7100 /* main.m in Sources */,
				FAF8A3C91B2C060900EEDB01 /* GamesListTVC.m in Sources */,
				FA10144D1AD0E429006A7100 /* HomeScreenVC.m in Sources */,
				FAAB34911B8C99E90006C936 /* NoScrollObjectGridVC.m in Sources */,
				FA966C4D1B133705004C28C0 /* SettingsVC.m in Sources */,
				FAF8A3C61B2C045900EEDB01 /* PreviousGamesByBoardSizeTVC.m in Sources */,
				FAA5CD5B1B89FB63002E2167 /* SlidingPuzzleGame.m in Sources */,
				FAA5CD4E1B88186A002E2167 /* ObjectGridVC.m in Sources */,
				FA3255ED1B803BA90045A827 /* UIImage+Crop.m in Sources */,
				FAAB34971B8DC6CA0006C936 /* SPGrid.m in Sources */,
				FAF8A3CD1B2C164600EEDB01 /* PreviousGameCell.m in Sources */,
				FA00BF901AD0FE5D0051DA66 /* PreviousGamesTVC.m in Sources */,
				FAA5CD611B8B3A1F002E2167 /* GridInterface.m in Sources */,
				FAF8A3C31B2C020F00EEDB01 /* PreviousGamesByDifficultyTVC.m in Sources */,
				FA966C481B11B0AB004C28C0 /* TileView.m in Sources */,
				FAF8A3BB1B25667500EEDB01 /* PreviousGameDatabase.m in Sources */,
			);
			runOnlyForDeploymentPostprocessing = 0;
		};
		FA10142F1AD0D2AD006A7100 /* Sources */ = {
			isa = PBXSourcesBuildPhase;
			buildActionMask = 2147483647;
			files = (
				FA1014411AD0D2AD006A7100 /* GameHouseTests.m in Sources */,
			);
			runOnlyForDeploymentPostprocessing = 0;
		};
/* End PBXSourcesBuildPhase section */

/* Begin PBXTargetDependency section */
		FA1014391AD0D2AD006A7100 /* PBXTargetDependency */ = {
			isa = PBXTargetDependency;
			target = FA1014171AD0D2AC006A7100 /* Sliding Puzzle */;
			targetProxy = FA1014381AD0D2AD006A7100 /* PBXContainerItemProxy */;
		};
/* End PBXTargetDependency section */

/* Begin PBXVariantGroup section */
		FA1014241AD0D2AD006A7100 /* InfoPlist.strings */ = {
			isa = PBXVariantGroup;
			children = (
				FA1014251AD0D2AD006A7100 /* en */,
			);
			name = InfoPlist.strings;
			sourceTree = "<group>";
		};
		FA10143D1AD0D2AD006A7100 /* InfoPlist.strings */ = {
			isa = PBXVariantGroup;
			children = (
				FA10143E1AD0D2AD006A7100 /* en */,
			);
			name = InfoPlist.strings;
			sourceTree = "<group>";
		};
/* End PBXVariantGroup section */

/* Begin XCBuildConfiguration section */
		FA1014421AD0D2AD006A7100 /* Debug */ = {
			isa = XCBuildConfiguration;
			buildSettings = {
				ALWAYS_SEARCH_USER_PATHS = NO;
				CLANG_CXX_LANGUAGE_STANDARD = "gnu++0x";
				CLANG_CXX_LIBRARY = "libc++";
				CLANG_ENABLE_MODULES = YES;
				CLANG_ENABLE_OBJC_ARC = YES;
				CLANG_WARN_BOOL_CONVERSION = YES;
				CLANG_WARN_CONSTANT_CONVERSION = YES;
				CLANG_WARN_DIRECT_OBJC_ISA_USAGE = YES_ERROR;
				CLANG_WARN_EMPTY_BODY = YES;
				CLANG_WARN_ENUM_CONVERSION = YES;
				CLANG_WARN_INT_CONVERSION = YES;
				CLANG_WARN_OBJC_ROOT_CLASS = YES_ERROR;
				CLANG_WARN__DUPLICATE_METHOD_MATCH = YES;
				"CODE_SIGN_IDENTITY[sdk=iphoneos*]" = "iPhone Developer";
				COPY_PHASE_STRIP = NO;
				GCC_C_LANGUAGE_STANDARD = gnu99;
				GCC_DYNAMIC_NO_PIC = NO;
				GCC_OPTIMIZATION_LEVEL = 0;
				GCC_PREPROCESSOR_DEFINITIONS = (
					"DEBUG=1",
					"$(inherited)",
				);
				GCC_SYMBOLS_PRIVATE_EXTERN = NO;
				GCC_WARN_64_TO_32_BIT_CONVERSION = YES;
				GCC_WARN_ABOUT_RETURN_TYPE = YES_ERROR;
				GCC_WARN_UNDECLARED_SELECTOR = YES;
				GCC_WARN_UNINITIALIZED_AUTOS = YES_AGGRESSIVE;
				GCC_WARN_UNUSED_FUNCTION = YES;
				GCC_WARN_UNUSED_VARIABLE = YES;
				IPHONEOS_DEPLOYMENT_TARGET = 7.1;
				ONLY_ACTIVE_ARCH = YES;
				SDKROOT = iphoneos;
			};
			name = Debug;
		};
		FA1014431AD0D2AD006A7100 /* Release */ = {
			isa = XCBuildConfiguration;
			buildSettings = {
				ALWAYS_SEARCH_USER_PATHS = NO;
				CLANG_CXX_LANGUAGE_STANDARD = "gnu++0x";
				CLANG_CXX_LIBRARY = "libc++";
				CLANG_ENABLE_MODULES = YES;
				CLANG_ENABLE_OBJC_ARC = YES;
				CLANG_WARN_BOOL_CONVERSION = YES;
				CLANG_WARN_CONSTANT_CONVERSION = YES;
				CLANG_WARN_DIRECT_OBJC_ISA_USAGE = YES_ERROR;
				CLANG_WARN_EMPTY_BODY = YES;
				CLANG_WARN_ENUM_CONVERSION = YES;
				CLANG_WARN_INT_CONVERSION = YES;
				CLANG_WARN_OBJC_ROOT_CLASS = YES_ERROR;
				CLANG_WARN__DUPLICATE_METHOD_MATCH = YES;
				"CODE_SIGN_IDENTITY[sdk=iphoneos*]" = "iPhone Developer";
				COPY_PHASE_STRIP = YES;
				ENABLE_NS_ASSERTIONS = NO;
				GCC_C_LANGUAGE_STANDARD = gnu99;
				GCC_WARN_64_TO_32_BIT_CONVERSION = YES;
				GCC_WARN_ABOUT_RETURN_TYPE = YES_ERROR;
				GCC_WARN_UNDECLARED_SELECTOR = YES;
				GCC_WARN_UNINITIALIZED_AUTOS = YES_AGGRESSIVE;
				GCC_WARN_UNUSED_FUNCTION = YES;
				GCC_WARN_UNUSED_VARIABLE = YES;
				IPHONEOS_DEPLOYMENT_TARGET = 7.1;
				SDKROOT = iphoneos;
				VALIDATE_PRODUCT = YES;
			};
			name = Release;
		};
		FA1014451AD0D2AD006A7100 /* Debug */ = {
			isa = XCBuildConfiguration;
			buildSettings = {
				ASSETCATALOG_COMPILER_APPICON_NAME = AppIcon;
				ASSETCATALOG_COMPILER_LAUNCHIMAGE_NAME = LaunchImage;
				CODE_SIGN_IDENTITY = "iPhone Developer";
				GCC_PRECOMPILE_PREFIX_HEADER = YES;
				GCC_PREFIX_HEADER = "GameHouse/Sliding Puzzle-Prefix.pch";
				INFOPLIST_FILE = "GameHouse/Sliding Puzzle-Info.plist";
				PRODUCT_NAME = "Sliding Puzzle";
				WRAPPER_EXTENSION = app;
			};
			name = Debug;
		};
		FA1014461AD0D2AD006A7100 /* Release */ = {
			isa = XCBuildConfiguration;
			buildSettings = {
				ASSETCATALOG_COMPILER_APPICON_NAME = AppIcon;
				ASSETCATALOG_COMPILER_LAUNCHIMAGE_NAME = LaunchImage;
				CODE_SIGN_IDENTITY = "iPhone Developer";
				GCC_PRECOMPILE_PREFIX_HEADER = YES;
				GCC_PREFIX_HEADER = "GameHouse/Sliding Puzzle-Prefix.pch";
				INFOPLIST_FILE = "GameHouse/Sliding Puzzle-Info.plist";
				PRODUCT_NAME = "Sliding Puzzle";
				WRAPPER_EXTENSION = app;
			};
			name = Release;
		};
		FA1014481AD0D2AD006A7100 /* Debug */ = {
			isa = XCBuildConfiguration;
			buildSettings = {
				BUNDLE_LOADER = "$(BUILT_PRODUCTS_DIR)/GameHouse.app/GameHouse";
				FRAMEWORK_SEARCH_PATHS = (
					"$(SDKROOT)/Developer/Library/Frameworks",
					"$(inherited)",
					"$(DEVELOPER_FRAMEWORKS_DIR)",
				);
				GCC_PRECOMPILE_PREFIX_HEADER = YES;
				GCC_PREFIX_HEADER = "GameHouse/GameHouse-Prefix.pch";
				GCC_PREPROCESSOR_DEFINITIONS = (
					"DEBUG=1",
					"$(inherited)",
				);
				INFOPLIST_FILE = "GameHouseTests/Sliding PuzzleTests-Info.plist";
				PRODUCT_NAME = "Sliding PuzzleTests";
				TEST_HOST = "$(BUNDLE_LOADER)";
				WRAPPER_EXTENSION = xctest;
			};
			name = Debug;
		};
		FA1014491AD0D2AD006A7100 /* Release */ = {
			isa = XCBuildConfiguration;
			buildSettings = {
				BUNDLE_LOADER = "$(BUILT_PRODUCTS_DIR)/GameHouse.app/GameHouse";
				FRAMEWORK_SEARCH_PATHS = (
					"$(SDKROOT)/Developer/Library/Frameworks",
					"$(inherited)",
					"$(DEVELOPER_FRAMEWORKS_DIR)",
				);
				GCC_PRECOMPILE_PREFIX_HEADER = YES;
				GCC_PREFIX_HEADER = "GameHouse/GameHouse-Prefix.pch";
				INFOPLIST_FILE = "GameHouseTests/Sliding PuzzleTests-Info.plist";
				PRODUCT_NAME = "Sliding PuzzleTests";
				TEST_HOST = "$(BUNDLE_LOADER)";
				WRAPPER_EXTENSION = xctest;
			};
			name = Release;
		};
/* End XCBuildConfiguration section */

/* Begin XCConfigurationList section */
		FA1014131AD0D2AC006A7100 /* Build configuration list for PBXProject "Sliding Puzzle" */ = {
			isa = XCConfigurationList;
			buildConfigurations = (
				FA1014421AD0D2AD006A7100 /* Debug */,
				FA1014431AD0D2AD006A7100 /* Release */,
			);
			defaultConfigurationIsVisible = 0;
			defaultConfigurationName = Release;
		};
		FA1014441AD0D2AD006A7100 /* Build configuration list for PBXNativeTarget "Sliding Puzzle" */ = {
			isa = XCConfigurationList;
			buildConfigurations = (
				FA1014451AD0D2AD006A7100 /* Debug */,
				FA1014461AD0D2AD006A7100 /* Release */,
			);
			defaultConfigurationIsVisible = 0;
			defaultConfigurationName = Release;
		};
		FA1014471AD0D2AD006A7100 /* Build configuration list for PBXNativeTarget "Sliding PuzzleTests" */ = {
			isa = XCConfigurationList;
			buildConfigurations = (
				FA1014481AD0D2AD006A7100 /* Debug */,
				FA1014491AD0D2AD006A7100 /* Release */,
			);
			defaultConfigurationIsVisible = 0;
			defaultConfigurationName = Release;
		};
/* End XCConfigurationList section */
	};
	rootObject = FA1014101AD0D2AC006A7100 /* Project object */;
}
